// !$*UTF8*$!
{
	archiveVersion = 1;
	classes = {
	};
	objectVersion = 48;
	objects = {

/* Begin PBXBuildFile section */
		0722FB661FCC78530007A827 /* ExternalAccessory.framework in Frameworks */ = {isa = PBXBuildFile; fileRef = 0722FB651FCC78530007A827 /* ExternalAccessory.framework */; };
		072533021FD626D0001C0A01 /* Firebase.swift in Sources */ = {isa = PBXBuildFile; fileRef = 072533011FD626D0001C0A01 /* Firebase.swift */; };
		074EE6651FC5DE7800EDD403 /* AppDelegate.swift in Sources */ = {isa = PBXBuildFile; fileRef = 074EE6641FC5DE7800EDD403 /* AppDelegate.swift */; };
		074EE6671FC5DE7800EDD403 /* ViewController.swift in Sources */ = {isa = PBXBuildFile; fileRef = 074EE6661FC5DE7800EDD403 /* ViewController.swift */; };
		074EE66A1FC5DE7800EDD403 /* Main.storyboard in Resources */ = {isa = PBXBuildFile; fileRef = 074EE6681FC5DE7800EDD403 /* Main.storyboard */; };
		074EE66C1FC5DE7800EDD403 /* Assets.xcassets in Resources */ = {isa = PBXBuildFile; fileRef = 074EE66B1FC5DE7800EDD403 /* Assets.xcassets */; };
		074EE66F1FC5DE7800EDD403 /* LaunchScreen.storyboard in Resources */ = {isa = PBXBuildFile; fileRef = 074EE66D1FC5DE7800EDD403 /* LaunchScreen.storyboard */; };
		077E368B1FD6538B00D92A77 /* AudioProcess.swift in Sources */ = {isa = PBXBuildFile; fileRef = 077E368A1FD6538B00D92A77 /* AudioProcess.swift */; };
		079D8DD61FCDC0C100F0A965 /* BLEHandler.swift in Sources */ = {isa = PBXBuildFile; fileRef = 079D8DD51FCDC0C100F0A965 /* BLEHandler.swift */; };
		079D8DD81FCDC0EA00F0A965 /* BLEManager.swift in Sources */ = {isa = PBXBuildFile; fileRef = 079D8DD71FCDC0EA00F0A965 /* BLEManager.swift */; };
		07D9756E1FCB972C00528393 /* GoogleService-Info.plist in Resources */ = {isa = PBXBuildFile; fileRef = 07D9756D1FCB972C00528393 /* GoogleService-Info.plist */; };
		881452B547C01198A519E10C /* Pods_cloud7.framework in Frameworks */ = {isa = PBXBuildFile; fileRef = AECF55F662079406B9EC4DBB /* Pods_cloud7.framework */; };
/* End PBXBuildFile section */

/* Begin PBXFileReference section */
		0722FB651FCC78530007A827 /* ExternalAccessory.framework */ = {isa = PBXFileReference; lastKnownFileType = wrapper.framework; name = ExternalAccessory.framework; path = System/Library/Frameworks/ExternalAccessory.framework; sourceTree = SDKROOT; };
		0722FB671FCC78530007A827 /* cloud7.entitlements */ = {isa = PBXFileReference; lastKnownFileType = text.plist.entitlements; path = cloud7.entitlements; sourceTree = "<group>"; };
		072533011FD626D0001C0A01 /* Firebase.swift */ = {isa = PBXFileReference; lastKnownFileType = sourcecode.swift; path = Firebase.swift; sourceTree = "<group>"; };
		074EE6611FC5DE7800EDD403 /* cloud7.app */ = {isa = PBXFileReference; explicitFileType = wrapper.application; includeInIndex = 0; path = cloud7.app; sourceTree = BUILT_PRODUCTS_DIR; };
		074EE6641FC5DE7800EDD403 /* AppDelegate.swift */ = {isa = PBXFileReference; lastKnownFileType = sourcecode.swift; path = AppDelegate.swift; sourceTree = "<group>"; };
		074EE6661FC5DE7800EDD403 /* ViewController.swift */ = {isa = PBXFileReference; lastKnownFileType = sourcecode.swift; path = ViewController.swift; sourceTree = "<group>"; };
		074EE6691FC5DE7800EDD403 /* Base */ = {isa = PBXFileReference; lastKnownFileType = file.storyboard; name = Base; path = Base.lproj/Main.storyboard; sourceTree = "<group>"; };
		074EE66B1FC5DE7800EDD403 /* Assets.xcassets */ = {isa = PBXFileReference; lastKnownFileType = folder.assetcatalog; path = Assets.xcassets; sourceTree = "<group>"; };
		074EE66E1FC5DE7800EDD403 /* Base */ = {isa = PBXFileReference; lastKnownFileType = file.storyboard; name = Base; path = Base.lproj/LaunchScreen.storyboard; sourceTree = "<group>"; };
		074EE6701FC5DE7800EDD403 /* Info.plist */ = {isa = PBXFileReference; lastKnownFileType = text.plist.xml; path = Info.plist; sourceTree = "<group>"; };
		077E368A1FD6538B00D92A77 /* AudioProcess.swift */ = {isa = PBXFileReference; lastKnownFileType = sourcecode.swift; path = AudioProcess.swift; sourceTree = "<group>"; };
		079D8DD51FCDC0C100F0A965 /* BLEHandler.swift */ = {isa = PBXFileReference; lastKnownFileType = sourcecode.swift; path = BLEHandler.swift; sourceTree = "<group>"; };
		079D8DD71FCDC0EA00F0A965 /* BLEManager.swift */ = {isa = PBXFileReference; lastKnownFileType = sourcecode.swift; path = BLEManager.swift; sourceTree = "<group>"; };
		079E34601FCE02EF00E1AD1E /* BluetoothKit.framework */ = {isa = PBXFileReference; explicitFileType = wrapper.framework; path = BluetoothKit.framework; sourceTree = BUILT_PRODUCTS_DIR; };
		07D9756C1FCB3CDE00528393 /* CoreBluetooth.framework */ = {isa = PBXFileReference; lastKnownFileType = wrapper.framework; name = CoreBluetooth.framework; path = System/Library/Frameworks/CoreBluetooth.framework; sourceTree = SDKROOT; };
		07D9756D1FCB972C00528393 /* GoogleService-Info.plist */ = {isa = PBXFileReference; fileEncoding = 4; lastKnownFileType = text.plist.xml; path = "GoogleService-Info.plist"; sourceTree = "<group>"; };
		107944A871264B4EBA2B2C52 /* Pods-cloud7.debug.xcconfig */ = {isa = PBXFileReference; includeInIndex = 1; lastKnownFileType = text.xcconfig; name = "Pods-cloud7.debug.xcconfig"; path = "Pods/Target Support Files/Pods-cloud7/Pods-cloud7.debug.xcconfig"; sourceTree = "<group>"; };
		65C44E6A15FDF5803608B424 /* Pods-cloud7.release.xcconfig */ = {isa = PBXFileReference; includeInIndex = 1; lastKnownFileType = text.xcconfig; name = "Pods-cloud7.release.xcconfig"; path = "Pods/Target Support Files/Pods-cloud7/Pods-cloud7.release.xcconfig"; sourceTree = "<group>"; };
		AECF55F662079406B9EC4DBB /* Pods_cloud7.framework */ = {isa = PBXFileReference; explicitFileType = wrapper.framework; includeInIndex = 0; path = Pods_cloud7.framework; sourceTree = BUILT_PRODUCTS_DIR; };
/* End PBXFileReference section */

/* Begin PBXFrameworksBuildPhase section */
		074EE65E1FC5DE7800EDD403 /* Frameworks */ = {
			isa = PBXFrameworksBuildPhase;
			buildActionMask = 2147483647;
			files = (
				0722FB661FCC78530007A827 /* ExternalAccessory.framework in Frameworks */,
				881452B547C01198A519E10C /* Pods_cloud7.framework in Frameworks */,
			);
			runOnlyForDeploymentPostprocessing = 0;
		};
/* End PBXFrameworksBuildPhase section */

/* Begin PBXGroup section */
		074EE6581FC5DE7800EDD403 = {
			isa = PBXGroup;
			children = (
				074EE6631FC5DE7800EDD403 /* cloud7 */,
				074EE6621FC5DE7800EDD403 /* Products */,
				07D9756B1FCB3CDE00528393 /* Frameworks */,
				D35A781F8D6BF7E593904A1B /* Pods */,
			);
			sourceTree = "<group>";
		};
		074EE6621FC5DE7800EDD403 /* Products */ = {
			isa = PBXGroup;
			children = (
				074EE6611FC5DE7800EDD403 /* cloud7.app */,
			);
			name = Products;
			sourceTree = "<group>";
		};
		074EE6631FC5DE7800EDD403 /* cloud7 */ = {
			isa = PBXGroup;
			children = (
				0722FB671FCC78530007A827 /* cloud7.entitlements */,
				074EE6641FC5DE7800EDD403 /* AppDelegate.swift */,
				074EE6681FC5DE7800EDD403 /* Main.storyboard */,
				074EE66B1FC5DE7800EDD403 /* Assets.xcassets */,
				074EE66D1FC5DE7800EDD403 /* LaunchScreen.storyboard */,
				074EE6701FC5DE7800EDD403 /* Info.plist */,
				07D9756D1FCB972C00528393 /* GoogleService-Info.plist */,
				074EE6661FC5DE7800EDD403 /* ViewController.swift */,
				079D8DD51FCDC0C100F0A965 /* BLEHandler.swift */,
				079D8DD71FCDC0EA00F0A965 /* BLEManager.swift */,
				072533011FD626D0001C0A01 /* Firebase.swift */,
				077E368A1FD6538B00D92A77 /* AudioProcess.swift */,
			);
			path = cloud7;
			sourceTree = "<group>";
		};
		07D9756B1FCB3CDE00528393 /* Frameworks */ = {
			isa = PBXGroup;
			children = (
				079E34601FCE02EF00E1AD1E /* BluetoothKit.framework */,
				0722FB651FCC78530007A827 /* ExternalAccessory.framework */,
				07D9756C1FCB3CDE00528393 /* CoreBluetooth.framework */,
				AECF55F662079406B9EC4DBB /* Pods_cloud7.framework */,
			);
			name = Frameworks;
			sourceTree = "<group>";
		};
		D35A781F8D6BF7E593904A1B /* Pods */ = {
			isa = PBXGroup;
			children = (
				107944A871264B4EBA2B2C52 /* Pods-cloud7.debug.xcconfig */,
				65C44E6A15FDF5803608B424 /* Pods-cloud7.release.xcconfig */,
			);
			name = Pods;
			sourceTree = "<group>";
		};
/* End PBXGroup section */

/* Begin PBXNativeTarget section */
		074EE6601FC5DE7800EDD403 /* cloud7 */ = {
			isa = PBXNativeTarget;
			buildConfigurationList = 074EE6731FC5DE7800EDD403 /* Build configuration list for PBXNativeTarget "cloud7" */;
			buildPhases = (
				64A2E7529240FE5BF5D678A1 /* [CP] Check Pods Manifest.lock */,
				074EE65D1FC5DE7800EDD403 /* Sources */,
				074EE65E1FC5DE7800EDD403 /* Frameworks */,
				074EE65F1FC5DE7800EDD403 /* Resources */,
				701A0FB9F2D9248FA54B74EB /* [CP] Embed Pods Frameworks */,
				6130AEEBBD81A01A3752A97C /* [CP] Copy Pods Resources */,
			);
			buildRules = (
			);
			dependencies = (
			);
			name = cloud7;
			productName = cloud7;
			productReference = 074EE6611FC5DE7800EDD403 /* cloud7.app */;
			productType = "com.apple.product-type.application";
		};
/* End PBXNativeTarget section */

/* Begin PBXProject section */
		074EE6591FC5DE7800EDD403 /* Project object */ = {
			isa = PBXProject;
			attributes = {
				LastSwiftUpdateCheck = 0910;
				LastUpgradeCheck = 0910;
				ORGANIZATIONNAME = "Evan Knox";
				TargetAttributes = {
					074EE6601FC5DE7800EDD403 = {
						CreatedOnToolsVersion = 9.1;
						ProvisioningStyle = Automatic;
						SystemCapabilities = {
							com.apple.BackgroundModes = {
								enabled = 1;
							};
							com.apple.Keychain = {
								enabled = 1;
							};
							com.apple.WAC = {
								enabled = 1;
							};
						};
					};
				};
			};
			buildConfigurationList = 074EE65C1FC5DE7800EDD403 /* Build configuration list for PBXProject "cloud7" */;
			compatibilityVersion = "Xcode 8.0";
			developmentRegion = en;
			hasScannedForEncodings = 0;
			knownRegions = (
				en,
				Base,
			);
			mainGroup = 074EE6581FC5DE7800EDD403;
			productRefGroup = 074EE6621FC5DE7800EDD403 /* Products */;
			projectDirPath = "";
			projectRoot = "";
			targets = (
				074EE6601FC5DE7800EDD403 /* cloud7 */,
			);
		};
/* End PBXProject section */

/* Begin PBXResourcesBuildPhase section */
		074EE65F1FC5DE7800EDD403 /* Resources */ = {
			isa = PBXResourcesBuildPhase;
			buildActionMask = 2147483647;
			files = (
				074EE66F1FC5DE7800EDD403 /* LaunchScreen.storyboard in Resources */,
				07D9756E1FCB972C00528393 /* GoogleService-Info.plist in Resources */,
				074EE66C1FC5DE7800EDD403 /* Assets.xcassets in Resources */,
				074EE66A1FC5DE7800EDD403 /* Main.storyboard in Resources */,
			);
			runOnlyForDeploymentPostprocessing = 0;
		};
/* End PBXResourcesBuildPhase section */

/* Begin PBXShellScriptBuildPhase section */
		6130AEEBBD81A01A3752A97C /* [CP] Copy Pods Resources */ = {
			isa = PBXShellScriptBuildPhase;
			buildActionMask = 2147483647;
			files = (
			);
			inputPaths = (
				"${SRCROOT}/Pods/Target Support Files/Pods-cloud7/Pods-cloud7-resources.sh",
				$PODS_CONFIGURATION_BUILD_DIR/FirebaseUI/FirebaseAuthUI.bundle,
				$PODS_CONFIGURATION_BUILD_DIR/FirebaseUI/FirebaseGoogleAuthUI.bundle,
				$PODS_CONFIGURATION_BUILD_DIR/FirebaseUI/FirebasePhoneAuthUI.bundle,
				"${PODS_ROOT}/GoogleSignIn/Resources/GoogleSignIn.bundle",
			);
			name = "[CP] Copy Pods Resources";
			outputPaths = (
				"${TARGET_BUILD_DIR}/${UNLOCALIZED_RESOURCES_FOLDER_PATH}",
			);
			runOnlyForDeploymentPostprocessing = 0;
			shellPath = /bin/sh;
			shellScript = "\"${SRCROOT}/Pods/Target Support Files/Pods-cloud7/Pods-cloud7-resources.sh\"\n";
			showEnvVarsInLog = 0;
		};
		64A2E7529240FE5BF5D678A1 /* [CP] Check Pods Manifest.lock */ = {
			isa = PBXShellScriptBuildPhase;
			buildActionMask = 2147483647;
			files = (
			);
			inputPaths = (
				"${PODS_PODFILE_DIR_PATH}/Podfile.lock",
				"${PODS_ROOT}/Manifest.lock",
			);
			name = "[CP] Check Pods Manifest.lock";
			outputPaths = (
				"$(DERIVED_FILE_DIR)/Pods-cloud7-checkManifestLockResult.txt",
			);
			runOnlyForDeploymentPostprocessing = 0;
			shellPath = /bin/sh;
			shellScript = "diff \"${PODS_PODFILE_DIR_PATH}/Podfile.lock\" \"${PODS_ROOT}/Manifest.lock\" > /dev/null\nif [ $? != 0 ] ; then\n    # print error to STDERR\n    echo \"error: The sandbox is not in sync with the Podfile.lock. Run 'pod install' or update your CocoaPods installation.\" >&2\n    exit 1\nfi\n# This output is used by Xcode 'outputs' to avoid re-running this script phase.\necho \"SUCCESS\" > \"${SCRIPT_OUTPUT_FILE_0}\"\n";
			showEnvVarsInLog = 0;
		};
		701A0FB9F2D9248FA54B74EB /* [CP] Embed Pods Frameworks */ = {
			isa = PBXShellScriptBuildPhase;
			buildActionMask = 2147483647;
			files = (
			);
			inputPaths = (
				"${SRCROOT}/Pods/Target Support Files/Pods-cloud7/Pods-cloud7-frameworks.sh",
				"${BUILT_PRODUCTS_DIR}/GTMOAuth2/GTMOAuth2.framework",
				"${BUILT_PRODUCTS_DIR}/GTMSessionFetcher/GTMSessionFetcher.framework",
				"${BUILT_PRODUCTS_DIR}/GoogleToolboxForMac/GoogleToolboxForMac.framework",
				"${BUILT_PRODUCTS_DIR}/leveldb-library/leveldb.framework",
				"${BUILT_PRODUCTS_DIR}/nanopb/nanopb.framework",
			);
			name = "[CP] Embed Pods Frameworks";
			outputPaths = (
				"${TARGET_BUILD_DIR}/${FRAMEWORKS_FOLDER_PATH}/GTMOAuth2.framework",
				"${TARGET_BUILD_DIR}/${FRAMEWORKS_FOLDER_PATH}/GTMSessionFetcher.framework",
				"${TARGET_BUILD_DIR}/${FRAMEWORKS_FOLDER_PATH}/GoogleToolboxForMac.framework",
				"${TARGET_BUILD_DIR}/${FRAMEWORKS_FOLDER_PATH}/leveldb.framework",
				"${TARGET_BUILD_DIR}/${FRAMEWORKS_FOLDER_PATH}/nanopb.framework",
			);
			runOnlyForDeploymentPostprocessing = 0;
			shellPath = /bin/sh;
			shellScript = "\"${SRCROOT}/Pods/Target Support Files/Pods-cloud7/Pods-cloud7-frameworks.sh\"\n";
			showEnvVarsInLog = 0;
		};
/* End PBXShellScriptBuildPhase section */

/* Begin PBXSourcesBuildPhase section */
		074EE65D1FC5DE7800EDD403 /* Sources */ = {
			isa = PBXSourcesBuildPhase;
			buildActionMask = 2147483647;
			files = (
				072533021FD626D0001C0A01 /* Firebase.swift in Sources */,
				074EE6671FC5DE7800EDD403 /* ViewController.swift in Sources */,
				077E368B1FD6538B00D92A77 /* AudioProcess.swift in Sources */,
				079D8DD81FCDC0EA00F0A965 /* BLEManager.swift in Sources */,
				079D8DD61FCDC0C100F0A965 /* BLEHandler.swift in Sources */,
				074EE6651FC5DE7800EDD403 /* AppDelegate.swift in Sources */,
			);
			runOnlyForDeploymentPostprocessing = 0;
		};
/* End PBXSourcesBuildPhase section */

/* Begin PBXVariantGroup section */
		074EE6681FC5DE7800EDD403 /* Main.storyboard */ = {
			isa = PBXVariantGroup;
			children = (
				074EE6691FC5DE7800EDD403 /* Base */,
			);
			name = Main.storyboard;
			sourceTree = "<group>";
		};
		074EE66D1FC5DE7800EDD403 /* LaunchScreen.storyboard */ = {
			isa = PBXVariantGroup;
			children = (
				074EE66E1FC5DE7800EDD403 /* Base */,
			);
			name = LaunchScreen.storyboard;
			sourceTree = "<group>";
		};
/* End PBXVariantGroup section */

/* Begin XCBuildConfiguration section */
		074EE6711FC5DE7800EDD403 /* Debug */ = {
			isa = XCBuildConfiguration;
			buildSettings = {
				ALWAYS_SEARCH_USER_PATHS = NO;
				CLANG_ANALYZER_NONNULL = YES;
				CLANG_ANALYZER_NUMBER_OBJECT_CONVERSION = YES_AGGRESSIVE;
				CLANG_CXX_LANGUAGE_STANDARD = "gnu++14";
				CLANG_CXX_LIBRARY = "libc++";
				CLANG_ENABLE_MODULES = YES;
				CLANG_ENABLE_OBJC_ARC = YES;
				CLANG_WARN_BLOCK_CAPTURE_AUTORELEASING = YES;
				CLANG_WARN_BOOL_CONVERSION = YES;
				CLANG_WARN_COMMA = YES;
				CLANG_WARN_CONSTANT_CONVERSION = YES;
				CLANG_WARN_DIRECT_OBJC_ISA_USAGE = YES_ERROR;
				CLANG_WARN_DOCUMENTATION_COMMENTS = YES;
				CLANG_WARN_EMPTY_BODY = YES;
				CLANG_WARN_ENUM_CONVERSION = YES;
				CLANG_WARN_INFINITE_RECURSION = YES;
				CLANG_WARN_INT_CONVERSION = YES;
				CLANG_WARN_NON_LITERAL_NULL_CONVERSION = YES;
				CLANG_WARN_OBJC_LITERAL_CONVERSION = YES;
				CLANG_WARN_OBJC_ROOT_CLASS = YES_ERROR;
				CLANG_WARN_RANGE_LOOP_ANALYSIS = YES;
				CLANG_WARN_STRICT_PROTOTYPES = YES;
				CLANG_WARN_SUSPICIOUS_MOVE = YES;
				CLANG_WARN_UNGUARDED_AVAILABILITY = YES_AGGRESSIVE;
				CLANG_WARN_UNREACHABLE_CODE = YES;
				CLANG_WARN__DUPLICATE_METHOD_MATCH = YES;
				CODE_SIGN_IDENTITY = "iPhone Developer";
				COPY_PHASE_STRIP = NO;
				DEBUG_INFORMATION_FORMAT = dwarf;
				ENABLE_STRICT_OBJC_MSGSEND = YES;
				ENABLE_TESTABILITY = YES;
				GCC_C_LANGUAGE_STANDARD = gnu11;
				GCC_DYNAMIC_NO_PIC = NO;
				GCC_NO_COMMON_BLOCKS = YES;
				GCC_OPTIMIZATION_LEVEL = 0;
				GCC_PREPROCESSOR_DEFINITIONS = (
					"DEBUG=1",
					"$(inherited)",
				);
				GCC_WARN_64_TO_32_BIT_CONVERSION = YES;
				GCC_WARN_ABOUT_RETURN_TYPE = YES_ERROR;
				GCC_WARN_UNDECLARED_SELECTOR = YES;
				GCC_WARN_UNINITIALIZED_AUTOS = YES_AGGRESSIVE;
				GCC_WARN_UNUSED_FUNCTION = YES;
				GCC_WARN_UNUSED_VARIABLE = YES;
				IPHONEOS_DEPLOYMENT_TARGET = 11.1;
				MTL_ENABLE_DEBUG_INFO = YES;
				ONLY_ACTIVE_ARCH = YES;
				SDKROOT = iphoneos;
				SWIFT_ACTIVE_COMPILATION_CONDITIONS = DEBUG;
				SWIFT_OPTIMIZATION_LEVEL = "-Onone";
			};
			name = Debug;
		};
		074EE6721FC5DE7800EDD403 /* Release */ = {
			isa = XCBuildConfiguration;
			buildSettings = {
				ALWAYS_SEARCH_USER_PATHS = NO;
				CLANG_ANALYZER_NONNULL = YES;
				CLANG_ANALYZER_NUMBER_OBJECT_CONVERSION = YES_AGGRESSIVE;
				CLANG_CXX_LANGUAGE_STANDARD = "gnu++14";
				CLANG_CXX_LIBRARY = "libc++";
				CLANG_ENABLE_MODULES = YES;
				CLANG_ENABLE_OBJC_ARC = YES;
				CLANG_WARN_BLOCK_CAPTURE_AUTORELEASING = YES;
				CLANG_WARN_BOOL_CONVERSION = YES;
				CLANG_WARN_COMMA = YES;
				CLANG_WARN_CONSTANT_CONVERSION = YES;
				CLANG_WARN_DIRECT_OBJC_ISA_USAGE = YES_ERROR;
				CLANG_WARN_DOCUMENTATION_COMMENTS = YES;
				CLANG_WARN_EMPTY_BODY = YES;
				CLANG_WARN_ENUM_CONVERSION = YES;
				CLANG_WARN_INFINITE_RECURSION = YES;
				CLANG_WARN_INT_CONVERSION = YES;
				CLANG_WARN_NON_LITERAL_NULL_CONVERSION = YES;
				CLANG_WARN_OBJC_LITERAL_CONVERSION = YES;
				CLANG_WARN_OBJC_ROOT_CLASS = YES_ERROR;
				CLANG_WARN_RANGE_LOOP_ANALYSIS = YES;
				CLANG_WARN_STRICT_PROTOTYPES = YES;
				CLANG_WARN_SUSPICIOUS_MOVE = YES;
				CLANG_WARN_UNGUARDED_AVAILABILITY = YES_AGGRESSIVE;
				CLANG_WARN_UNREACHABLE_CODE = YES;
				CLANG_WARN__DUPLICATE_METHOD_MATCH = YES;
				CODE_SIGN_IDENTITY = "iPhone Developer";
				COPY_PHASE_STRIP = NO;
				DEBUG_INFORMATION_FORMAT = "dwarf-with-dsym";
				ENABLE_NS_ASSERTIONS = NO;
				ENABLE_STRICT_OBJC_MSGSEND = YES;
				GCC_C_LANGUAGE_STANDARD = gnu11;
				GCC_NO_COMMON_BLOCKS = YES;
				GCC_WARN_64_TO_32_BIT_CONVERSION = YES;
				GCC_WARN_ABOUT_RETURN_TYPE = YES_ERROR;
				GCC_WARN_UNDECLARED_SELECTOR = YES;
				GCC_WARN_UNINITIALIZED_AUTOS = YES_AGGRESSIVE;
				GCC_WARN_UNUSED_FUNCTION = YES;
				GCC_WARN_UNUSED_VARIABLE = YES;
				IPHONEOS_DEPLOYMENT_TARGET = 11.1;
				MTL_ENABLE_DEBUG_INFO = NO;
				SDKROOT = iphoneos;
				SWIFT_OPTIMIZATION_LEVEL = "-Owholemodule";
				VALIDATE_PRODUCT = YES;
			};
			name = Release;
		};
		074EE6741FC5DE7800EDD403 /* Debug */ = {
			isa = XCBuildConfiguration;
			baseConfigurationReference = 107944A871264B4EBA2B2C52 /* Pods-cloud7.debug.xcconfig */;
			buildSettings = {
				ASSETCATALOG_COMPILER_APPICON_NAME = AppIcon;
				CODE_SIGN_ENTITLEMENTS = cloud7/cloud7.entitlements;
				CODE_SIGN_STYLE = Automatic;
				DEVELOPMENT_TEAM = M8824YVVEG;
				INFOPLIST_FILE = cloud7/Info.plist;
				IPHONEOS_DEPLOYMENT_TARGET = 11.1;
				LD_RUNPATH_SEARCH_PATHS = "$(inherited) @executable_path/Frameworks";
				PRODUCT_BUNDLE_IDENTIFIER = com.group7.cloud7;
				PRODUCT_NAME = "$(TARGET_NAME)";
				SWIFT_VERSION = 4.0;
				TARGETED_DEVICE_FAMILY = "1,2";
			};
			name = Debug;
		};
		074EE6751FC5DE7800EDD403 /* Release */ = {
			isa = XCBuildConfiguration;
			baseConfigurationReference = 65C44E6A15FDF5803608B424 /* Pods-cloud7.release.xcconfig */;
			buildSettings = {
				ASSETCATALOG_COMPILER_APPICON_NAME = AppIcon;
				CODE_SIGN_ENTITLEMENTS = cloud7/cloud7.entitlements;
				CODE_SIGN_STYLE = Automatic;
				DEVELOPMENT_TEAM = M8824YVVEG;
				INFOPLIST_FILE = cloud7/Info.plist;
				IPHONEOS_DEPLOYMENT_TARGET = 11.1;
				LD_RUNPATH_SEARCH_PATHS = "$(inherited) @executable_path/Frameworks";
				PRODUCT_BUNDLE_IDENTIFIER = com.group7.cloud7;
				PRODUCT_NAME = "$(TARGET_NAME)";
				SWIFT_VERSION = 4.0;
				TARGETED_DEVICE_FAMILY = "1,2";
			};
			name = Release;
		};
/* End XCBuildConfiguration section */

/* Begin XCConfigurationList section */
		074EE65C1FC5DE7800EDD403 /* Build configuration list for PBXProject "cloud7" */ = {
			isa = XCConfigurationList;
			buildConfigurations = (
				074EE6711FC5DE7800EDD403 /* Debug */,
				074EE6721FC5DE7800EDD403 /* Release */,
			);
			defaultConfigurationIsVisible = 0;
			defaultConfigurationName = Release;
		};
		074EE6731FC5DE7800EDD403 /* Build configuration list for PBXNativeTarget "cloud7" */ = {
			isa = XCConfigurationList;
			buildConfigurations = (
				074EE6741FC5DE7800EDD403 /* Debug */,
				074EE6751FC5DE7800EDD403 /* Release */,
			);
			defaultConfigurationIsVisible = 0;
			defaultConfigurationName = Release;
		};
/* End XCConfigurationList section */
	};
	rootObject = 074EE6591FC5DE7800EDD403 /* Project object */;
}
